{
  "name": "sales-command-center",
  "version": "0.1.0",
  "lockfileVersion": 3,
  "requires": true,
  "packages": {
    "": {
      "name": "sales-command-center",
      "version": "0.1.0",
      "dependencies": {
        "react": "file:vendor/react",
        "react-dom": "file:vendor/react-dom"
      },
      "devDependencies": {},
      "optionalDependencies": {
        "@playwright/test": "^1.54.1"
      }
    },
    "node_modules/react": {
      "resolved": "vendor/react",
      "link": true
    },
    "node_modules/react-dom": {
      "resolved": "vendor/react-dom",
      "link": true
    },
    "vendor/react": {
      "version": "0.0.0-local"
    },
    "vendor/react-dom": {
      "version": "0.0.0-local"
    }
  }
}
